
Microsoft Visual Studio Solution File, Format Version 12.00
# Visual Studio Version 16
VisualStudioVersion = 16.0.30907.101
MinimumVisualStudioVersion = 10.0.40219.1
Project("{FAE04EC0-301F-11D3-BF4B-00C04F79EFBC}") = "Ej1", "Ej1\Ej1.csproj", "{E0A505EB-732B-40DA-961C-986C35F3995F}"
EndProject
Global
	GlobalSection(SolutionConfigurationPlatforms) = preSolution
		Debug|Any CPU = Debug|Any CPU
		Release|Any CPU = Release|Any CPU
	EndGlobalSection
	GlobalSection(ProjectConfigurationPlatforms) = postSolution
		{E0A505EB-732B-40DA-961C-986C35F3995F}.Debug|Any CPU.ActiveCfg = Debug|Any CPU
		{E0A505EB-732B-40DA-961C-986C35F3995F}.Debug|Any CPU.Build.0 = Debug|Any CPU
		{E0A505EB-732B-40DA-961C-986C35F3995F}.Release|Any CPU.ActiveCfg = Release|Any CPU
		{E0A505EB-732B-40DA-961C-986C35F3995F}.Release|Any CPU.Build.0 = Release|Any CPU
	EndGlobalSection
	GlobalSection(SolutionProperties) = preSolution
		HideSolutionNode = FALSE
	EndGlobalSection
	GlobalSection(ExtensibilityGlobals) = postSolution
		SolutionGuid = {5E8C2B97-1621-4A95-99E3-8B0A70737693}
	EndGlobalSection
EndGlobal
